
Microsoft Visual Studio Solution File, Format Version 12.00
# Visual Studio Version 17
VisualStudioVersion = 17.8.34330.188
MinimumVisualStudioVersion = 10.0.40219.1
Project("{9A19103F-16F7-4668-BE54-9A1E7A4F7556}") = "VerticalSliceArchitecture", "VerticalSliceArchitecture\VerticalSliceArchitecture.csproj", "{81AECA61-E538-4877-8071-86DB09CA98BB}"
EndProject
Project("{E53339B2-1760-4266-BCC7-CA923CBCF16C}") = "docker-compose", "docker-compose.dcproj", "{7586B923-0D20-4E02-AA90-D033EF6B40DF}"
EndProject
Global
	GlobalSection(SolutionConfigurationPlatforms) = preSolution
		Debug|Any CPU = Debug|Any CPU
		Release|Any CPU = Release|Any CPU
	EndGlobalSection
	GlobalSection(ProjectConfigurationPlatforms) = postSolution
		{81AECA61-E538-4877-8071-86DB09CA98BB}.Debug|Any CPU.ActiveCfg = Debug|Any CPU
		{81AECA61-E538-4877-8071-86DB09CA98BB}.Debug|Any CPU.Build.0 = Debug|Any CPU
		{81AECA61-E538-4877-8071-86DB09CA98BB}.Release|Any CPU.ActiveCfg = Release|Any CPU
		{81AECA61-E538-4877-8071-86DB09CA98BB}.Release|Any CPU.Build.0 = Release|Any CPU
		{7586B923-0D20-4E02-AA90-D033EF6B40DF}.Debug|Any CPU.ActiveCfg = Debug|Any CPU
		{7586B923-0D20-4E02-AA90-D033EF6B40DF}.Debug|Any CPU.Build.0 = Debug|Any CPU
		{7586B923-0D20-4E02-AA90-D033EF6B40DF}.Release|Any CPU.ActiveCfg = Release|Any CPU
		{7586B923-0D20-4E02-AA90-D033EF6B40DF}.Release|Any CPU.Build.0 = Release|Any CPU
	EndGlobalSection
	GlobalSection(SolutionProperties) = preSolution
		HideSolutionNode = FALSE
	EndGlobalSection
	GlobalSection(ExtensibilityGlobals) = postSolution
		SolutionGuid = {BCBA10E0-9448-4C0D-BE98-D532BDA7251F}
	EndGlobalSection
EndGlobal
